
Microsoft Visual Studio Solution File, Format Version 12.00
# Visual Studio Version 16
VisualStudioVersion = 16.0.32510.428
MinimumVisualStudioVersion = 10.0.40219.1
Project("{FAE04EC0-301F-11D3-BF4B-00C04F79EFBC}") = "rClone GUI Tool", "rClone Downloader\rClone GUI Tool.csproj", "{E446999D-479B-4A8E-B954-21783329652F}"
EndProject
Global
	GlobalSection(SolutionConfigurationPlatforms) = preSolution
		Debug|Any CPU = Debug|Any CPU
		Release|Any CPU = Release|Any CPU
	EndGlobalSection
	GlobalSection(ProjectConfigurationPlatforms) = postSolution
		{E446999D-479B-4A8E-B954-21783329652F}.Debug|Any CPU.ActiveCfg = Debug|Any CPU
		{E446999D-479B-4A8E-B954-21783329652F}.Debug|Any CPU.Build.0 = Debug|Any CPU
		{E446999D-479B-4A8E-B954-21783329652F}.Release|Any CPU.ActiveCfg = Release|Any CPU
		{E446999D-479B-4A8E-B954-21783329652F}.Release|Any CPU.Build.0 = Release|Any CPU
	EndGlobalSection
	GlobalSection(SolutionProperties) = preSolution
		HideSolutionNode = FALSE
	EndGlobalSection
	GlobalSection(ExtensibilityGlobals) = postSolution
		SolutionGuid = {6D04614C-E8AA-4188-A6A5-F7E3C8D890EA}
	EndGlobalSection
EndGlobal
